
Microsoft Visual Studio Solution File, Format Version 12.00
# Visual Studio Version 16
VisualStudioVersion = 16.0.29609.76
MinimumVisualStudioVersion = 10.0.40219.1
Project("{9A19103F-16F7-4668-BE54-9A1E7A4F7556}") = "VerifoneVipaVersion", "Application\VerifoneVipaVersion.csproj", "{17B2930D-4E85-4EBE-86A8-EC1181E3D04E}"
	ProjectSection(ProjectDependencies) = postProject
		{62A38E03-D830-4A44-ADD2-2913151D0C3D} = {62A38E03-D830-4A44-ADD2-2913151D0C3D}
		{209A2A55-109D-4C17-B6C9-C36241FDF200} = {209A2A55-109D-4C17-B6C9-C36241FDF200}
		{1C477AEB-C77E-48B1-9AF3-D8C0037E4F4F} = {1C477AEB-C77E-48B1-9AF3-D8C0037E4F4F}
	EndProjectSection
EndProject
Project("{2150E333-8FDC-42A3-9474-1A3956D46DE8}") = "Source", "Source", "{6D4D16BB-A63C-4600-B430-BF5138F8247A}"
EndProject
Project("{2150E333-8FDC-42A3-9474-1A3956D46DE8}") = "Tests", "Tests", "{722C7429-6AFC-4875-8EE1-A7121980BB7F}"
EndProject
Project("{2150E333-8FDC-42A3-9474-1A3956D46DE8}") = "common", "common", "{AD970428-733B-48A9-A8E3-BDA0068DC872}"
EndProject
Project("{9A19103F-16F7-4668-BE54-9A1E7A4F7556}") = "TestHelper", "..\Tests\TestHelper\TestHelper.csproj", "{2C86AD80-779B-4537-BD2F-DA39EF439541}"
	ProjectSection(ProjectDependencies) = postProject
		{62A38E03-D830-4A44-ADD2-2913151D0C3D} = {62A38E03-D830-4A44-ADD2-2913151D0C3D}
		{17B2930D-4E85-4EBE-86A8-EC1181E3D04E} = {17B2930D-4E85-4EBE-86A8-EC1181E3D04E}
		{209A2A55-109D-4C17-B6C9-C36241FDF200} = {209A2A55-109D-4C17-B6C9-C36241FDF200}
	EndProjectSection
EndProject
Project("{2150E333-8FDC-42A3-9474-1A3956D46DE8}") = "application", "application", "{24B1080E-D8C4-4F4E-8D34-101FEE701A1F}"
EndProject
Project("{2150E333-8FDC-42A3-9474-1A3956D46DE8}") = "sdk", "sdk", "{690A024F-FC28-4929-B1BE-0C686B50C1D6}"
EndProject
Project("{2150E333-8FDC-42A3-9474-1A3956D46DE8}") = "application", "application", "{BC4A659C-B23A-4CAD-A68B-DC767EE2A030}"
EndProject
Project("{2150E333-8FDC-42A3-9474-1A3956D46DE8}") = "sdk", "sdk", "{585CAA45-7D7F-4CA8-8562-55BA03B3CA49}"
EndProject
Project("{2150E333-8FDC-42A3-9474-1A3956D46DE8}") = "devices", "devices", "{2B4A1FE6-8AEC-4090-BC48-F15A4C7487DF}"
EndProject
Project("{2150E333-8FDC-42A3-9474-1A3956D46DE8}") = "Verifone", "Verifone", "{A81F9B88-468C-4357-83EF-D98D2E143AE4}"
EndProject
Project("{9A19103F-16F7-4668-BE54-9A1E7A4F7556}") = "Devices.Verifone", "devices\Verifone\Devices.Verifone.csproj", "{62A38E03-D830-4A44-ADD2-2913151D0C3D}"
EndProject
Project("{2150E333-8FDC-42A3-9474-1A3956D46DE8}") = "common", "common", "{B4B73210-C794-46B0-996E-FBC9C63FF536}"
EndProject
Project("{9A19103F-16F7-4668-BE54-9A1E7A4F7556}") = "Devices.Common", "devices\common\Devices.Common.csproj", "{209A2A55-109D-4C17-B6C9-C36241FDF200}"
EndProject
Project("{2150E333-8FDC-42A3-9474-1A3956D46DE8}") = "devices", "devices", "{51E270E0-FDFC-4B44-9DA1-FA3BACC504D6}"
EndProject
Project("{2150E333-8FDC-42A3-9474-1A3956D46DE8}") = "TestHelper", "TestHelper", "{C14FCAD9-80C9-4308-AE71-9BA8E1F63A47}"
EndProject
Project("{9A19103F-16F7-4668-BE54-9A1E7A4F7556}") = "Devices.Common.Tests", "..\Tests\devices\common\Devices.Common.Tests.csproj", "{81A6F163-636B-4A2C-9C3A-6D994816D22D}"
EndProject
Project("{9A19103F-16F7-4668-BE54-9A1E7A4F7556}") = "Application.Tests", "..\Tests\Application\Application.Tests.csproj", "{69403576-D57D-4A9F-BCF5-9C68B40FDC8C}"
EndProject
Project("{2150E333-8FDC-42A3-9474-1A3956D46DE8}") = "Verifone", "Verifone", "{FA466BF5-5DB3-4768-BDED-5CB8742BCB77}"
EndProject
Project("{9A19103F-16F7-4668-BE54-9A1E7A4F7556}") = "Devices.Sdk.Tests", "..\Tests\devices\sdk\Devices.Sdk.Tests.csproj", "{B7750B9C-C5FF-41F8-828B-155B6237F13A}"
EndProject
Project("{9A19103F-16F7-4668-BE54-9A1E7A4F7556}") = "Devices.Verifone.Tests", "..\Tests\devices\verifone\Devices.Verifone.Tests.csproj", "{BC63F56D-7D06-4B4A-B399-4A9F0D083EFB}"
EndProject
Project("{2150E333-8FDC-42A3-9474-1A3956D46DE8}") = "common", "common", "{10FB2985-7264-40CD-B198-8ACAB7B56C38}"
EndProject
Project("{2150E333-8FDC-42A3-9474-1A3956D46DE8}") = "xo", "xo", "{5986E28C-1FA0-4EA6-88B8-09BCB94AE168}"
EndProject
Project("{2150E333-8FDC-42A3-9474-1A3956D46DE8}") = "core", "core", "{A0C6DF8C-288C-4425-944E-4BAC38A1C4E8}"
EndProject
Project("{9A19103F-16F7-4668-BE54-9A1E7A4F7556}") = "Core.Patterns", "common\core\Core.Patterns\Core.Patterns.csproj", "{391D4442-642D-4276-9AC0-88FFBBCAB07A}"
EndProject
Project("{2150E333-8FDC-42A3-9474-1A3956D46DE8}") = "common", "common", "{4FD51F31-2210-4461-A1F9-7050178C8AB5}"
EndProject
Project("{2150E333-8FDC-42A3-9474-1A3956D46DE8}") = "core", "core", "{2CDFCB5E-0344-439A-B4F8-5FB80C97737B}"
EndProject
Project("{9A19103F-16F7-4668-BE54-9A1E7A4F7556}") = "Core.Patterns.Tests", "..\Tests\common\core\Core.Patterns.Tests\Core.Patterns.Tests.csproj", "{0EE22093-76DD-4457-8EB9-131D8A7F42AB}"
EndProject
Project("{9A19103F-16F7-4668-BE54-9A1E7A4F7556}") = "XO", "common\xo\XO.csproj", "{BC0DB15B-804A-46D5-94B2-04D33F37FE33}"
EndProject
Project("{2150E333-8FDC-42A3-9474-1A3956D46DE8}") = "config", "config", "{43718F14-FE63-439A-B349-38FBEC5858DC}"
EndProject
Project("{9A19103F-16F7-4668-BE54-9A1E7A4F7556}") = "Config", "config\Config.csproj", "{BB467178-EA75-4A54-AB09-605ED4D025A1}"
EndProject
Project("{2150E333-8FDC-42A3-9474-1A3956D46DE8}") = "core", "core", "{CA4211E0-6CC5-440E-A7E4-AB6B10A6883F}"
EndProject
Project("{9A19103F-16F7-4668-BE54-9A1E7A4F7556}") = "Devices.Core.Tests", "..\Tests\statemachine\Devices.Core.Tests.csproj", "{D044B642-4D5A-4AEA-AA8D-576D35226AF6}"
EndProject
Project("{2150E333-8FDC-42A3-9474-1A3956D46DE8}") = "config", "config", "{8A85F506-6F99-46EA-8120-50C7B250A90C}"
EndProject
Project("{9A19103F-16F7-4668-BE54-9A1E7A4F7556}") = "Config.Tests", "..\Tests\config\Config.Tests.csproj", "{30DB9C6E-A9AD-4650-904D-FBDD1A52FBC8}"
EndProject
Project("{2150E333-8FDC-42A3-9474-1A3956D46DE8}") = "helpers", "helpers", "{75A43312-038A-4DD0-B340-FC80D0143CFE}"
EndProject
Project("{9A19103F-16F7-4668-BE54-9A1E7A4F7556}") = "Helpers", "common\helpers\Helpers.csproj", "{1C477AEB-C77E-48B1-9AF3-D8C0037E4F4F}"
EndProject
Project("{2150E333-8FDC-42A3-9474-1A3956D46DE8}") = "ProtoBuf", "ProtoBuf", "{2248D073-7CD7-4227-A545-E3D559B172F5}"
EndProject
Project("{9A19103F-16F7-4668-BE54-9A1E7A4F7556}") = "ProtoBuf", "common\ProtoBuf\ProtoBuf.csproj", "{B7E93875-0B8C-43C6-AE0F-9291365FABC2}"
EndProject
Project("{2150E333-8FDC-42A3-9474-1A3956D46DE8}") = "core", "core", "{98361FA2-AC7B-423E-8A11-8FD1582B3FDD}"
EndProject
Project("{9A19103F-16F7-4668-BE54-9A1E7A4F7556}") = "Devices.Core", "devices\Core\Devices.Core.csproj", "{CC186543-E03F-4A92-9315-84A68E8A3073}"
EndProject
Project("{2150E333-8FDC-42A3-9474-1A3956D46DE8}") = "LoggerManager", "LoggerManager", "{350B18E6-D1FD-48A0-9CB6-2EE508D78C7D}"
EndProject
Project("{9A19103F-16F7-4668-BE54-9A1E7A4F7556}") = "LoggerManager", "common\LoggerManager\LoggerManager.csproj", "{EB4380C2-B584-417F-85A4-11FFE8E5FADF}"
EndProject
Project("{2150E333-8FDC-42A3-9474-1A3956D46DE8}") = "execution", "execution", "{455BB396-EA2E-498F-9C75-E67A7580571B}"
EndProject
Project("{9A19103F-16F7-4668-BE54-9A1E7A4F7556}") = "Execution", "common\execution\Execution.csproj", "{B56488B6-8030-44E5-B0A1-197B34BA432D}"
EndProject
Project("{9A19103F-16F7-4668-BE54-9A1E7A4F7556}") = "Devices.Sdk", "devices\Devices.Sdk\Devices.Sdk.csproj", "{50F19AD5-C41B-41DB-A3A3-113BCE730383}"
EndProject
Project("{9A19103F-16F7-4668-BE54-9A1E7A4F7556}") = "Core", "common\core\Core\Core.csproj", "{DC022A91-783A-48D0-8E4F-9EBEBE6EA573}"
EndProject
Project("{2150E333-8FDC-42A3-9474-1A3956D46DE8}") = "FileTransfer", "FileTransfer", "{8F296496-7D94-41C9-85FC-EFF6322288ED}"
EndProject
Project("{9A19103F-16F7-4668-BE54-9A1E7A4F7556}") = "FileTransfer", "SftpConnection\FileTransfer.csproj", "{14C33421-02E3-482D-8170-9F67D2A9A820}"
EndProject
Project("{2150E333-8FDC-42A3-9474-1A3956D46DE8}") = "Constants", "Constants", "{D2844EC5-C1EF-451A-B103-58D1C08E6A63}"
EndProject
Project("{9A19103F-16F7-4668-BE54-9A1E7A4F7556}") = "Constants", "common\Constants\Constants.csproj", "{46D2A11A-45F2-427C-A9EB-0B7AB6BE3FC3}"
EndProject
Project("{2150E333-8FDC-42A3-9474-1A3956D46DE8}") = "FileTransferAppLauncher", "FileTransferAppLauncher", "{5AE3B0A7-EE37-48E6-A6B0-5C3257800DB7}"
EndProject
Project("{FAE04EC0-301F-11D3-BF4B-00C04F79EFBC}") = "FileTransferAppLauncher", "FileTransferAppLauncher\FileTransferAppLauncher.csproj", "{E7620DC4-7A18-4B9C-A66D-A3DD822E8D07}"
EndProject
Global
	GlobalSection(SolutionConfigurationPlatforms) = preSolution
		Debug|Any CPU = Debug|Any CPU
		Debug|x64 = Debug|x64
		Debug|x86 = Debug|x86
		Release|Any CPU = Release|Any CPU
		Release|x64 = Release|x64
		Release|x86 = Release|x86
	EndGlobalSection
	GlobalSection(ProjectConfigurationPlatforms) = postSolution
		{17B2930D-4E85-4EBE-86A8-EC1181E3D04E}.Debug|Any CPU.ActiveCfg = Debug|Any CPU
		{17B2930D-4E85-4EBE-86A8-EC1181E3D04E}.Debug|Any CPU.Build.0 = Debug|Any CPU
		{17B2930D-4E85-4EBE-86A8-EC1181E3D04E}.Debug|x64.ActiveCfg = Debug|Any CPU
		{17B2930D-4E85-4EBE-86A8-EC1181E3D04E}.Debug|x64.Build.0 = Debug|Any CPU
		{17B2930D-4E85-4EBE-86A8-EC1181E3D04E}.Debug|x86.ActiveCfg = Debug|Any CPU
		{17B2930D-4E85-4EBE-86A8-EC1181E3D04E}.Debug|x86.Build.0 = Debug|Any CPU
		{17B2930D-4E85-4EBE-86A8-EC1181E3D04E}.Release|Any CPU.ActiveCfg = Release|Any CPU
		{17B2930D-4E85-4EBE-86A8-EC1181E3D04E}.Release|Any CPU.Build.0 = Release|Any CPU
		{17B2930D-4E85-4EBE-86A8-EC1181E3D04E}.Release|x64.ActiveCfg = Release|Any CPU
		{17B2930D-4E85-4EBE-86A8-EC1181E3D04E}.Release|x64.Build.0 = Release|Any CPU
		{17B2930D-4E85-4EBE-86A8-EC1181E3D04E}.Release|x86.ActiveCfg = Release|Any CPU
		{17B2930D-4E85-4EBE-86A8-EC1181E3D04E}.Release|x86.Build.0 = Release|Any CPU
		{2C86AD80-779B-4537-BD2F-DA39EF439541}.Debug|Any CPU.ActiveCfg = Debug|Any CPU
		{2C86AD80-779B-4537-BD2F-DA39EF439541}.Debug|Any CPU.Build.0 = Debug|Any CPU
		{2C86AD80-779B-4537-BD2F-DA39EF439541}.Debug|x64.ActiveCfg = Debug|Any CPU
		{2C86AD80-779B-4537-BD2F-DA39EF439541}.Debug|x64.Build.0 = Debug|Any CPU
		{2C86AD80-779B-4537-BD2F-DA39EF439541}.Debug|x86.ActiveCfg = Debug|Any CPU
		{2C86AD80-779B-4537-BD2F-DA39EF439541}.Debug|x86.Build.0 = Debug|Any CPU
		{2C86AD80-779B-4537-BD2F-DA39EF439541}.Release|Any CPU.ActiveCfg = Release|Any CPU
		{2C86AD80-779B-4537-BD2F-DA39EF439541}.Release|Any CPU.Build.0 = Release|Any CPU
		{2C86AD80-779B-4537-BD2F-DA39EF439541}.Release|x64.ActiveCfg = Release|Any CPU
		{2C86AD80-779B-4537-BD2F-DA39EF439541}.Release|x64.Build.0 = Release|Any CPU
		{2C86AD80-779B-4537-BD2F-DA39EF439541}.Release|x86.ActiveCfg = Release|Any CPU
		{2C86AD80-779B-4537-BD2F-DA39EF439541}.Release|x86.Build.0 = Release|Any CPU
		{62A38E03-D830-4A44-ADD2-2913151D0C3D}.Debug|Any CPU.ActiveCfg = Debug|Any CPU
		{62A38E03-D830-4A44-ADD2-2913151D0C3D}.Debug|Any CPU.Build.0 = Debug|Any CPU
		{62A38E03-D830-4A44-ADD2-2913151D0C3D}.Debug|x64.ActiveCfg = Debug|Any CPU
		{62A38E03-D830-4A44-ADD2-2913151D0C3D}.Debug|x64.Build.0 = Debug|Any CPU
		{62A38E03-D830-4A44-ADD2-2913151D0C3D}.Debug|x86.ActiveCfg = Debug|Any CPU
		{62A38E03-D830-4A44-ADD2-2913151D0C3D}.Debug|x86.Build.0 = Debug|Any CPU
		{62A38E03-D830-4A44-ADD2-2913151D0C3D}.Release|Any CPU.ActiveCfg = Release|Any CPU
		{62A38E03-D830-4A44-ADD2-2913151D0C3D}.Release|Any CPU.Build.0 = Release|Any CPU
		{62A38E03-D830-4A44-ADD2-2913151D0C3D}.Release|x64.ActiveCfg = Release|Any CPU
		{62A38E03-D830-4A44-ADD2-2913151D0C3D}.Release|x64.Build.0 = Release|Any CPU
		{62A38E03-D830-4A44-ADD2-2913151D0C3D}.Release|x86.ActiveCfg = Release|Any CPU
		{62A38E03-D830-4A44-ADD2-2913151D0C3D}.Release|x86.Build.0 = Release|Any CPU
		{209A2A55-109D-4C17-B6C9-C36241FDF200}.Debug|Any CPU.ActiveCfg = Debug|Any CPU
		{209A2A55-109D-4C17-B6C9-C36241FDF200}.Debug|Any CPU.Build.0 = Debug|Any CPU
		{209A2A55-109D-4C17-B6C9-C36241FDF200}.Debug|x64.ActiveCfg = Debug|Any CPU
		{209A2A55-109D-4C17-B6C9-C36241FDF200}.Debug|x64.Build.0 = Debug|Any CPU
		{209A2A55-109D-4C17-B6C9-C36241FDF200}.Debug|x86.ActiveCfg = Debug|Any CPU
		{209A2A55-109D-4C17-B6C9-C36241FDF200}.Debug|x86.Build.0 = Debug|Any CPU
		{209A2A55-109D-4C17-B6C9-C36241FDF200}.Release|Any CPU.ActiveCfg = Release|Any CPU
		{209A2A55-109D-4C17-B6C9-C36241FDF200}.Release|Any CPU.Build.0 = Release|Any CPU
		{209A2A55-109D-4C17-B6C9-C36241FDF200}.Release|x64.ActiveCfg = Release|Any CPU
		{209A2A55-109D-4C17-B6C9-C36241FDF200}.Release|x64.Build.0 = Release|Any CPU
		{209A2A55-109D-4C17-B6C9-C36241FDF200}.Release|x86.ActiveCfg = Release|Any CPU
		{209A2A55-109D-4C17-B6C9-C36241FDF200}.Release|x86.Build.0 = Release|Any CPU
		{81A6F163-636B-4A2C-9C3A-6D994816D22D}.Debug|Any CPU.ActiveCfg = Debug|Any CPU
		{81A6F163-636B-4A2C-9C3A-6D994816D22D}.Debug|Any CPU.Build.0 = Debug|Any CPU
		{81A6F163-636B-4A2C-9C3A-6D994816D22D}.Debug|x64.ActiveCfg = Debug|Any CPU
		{81A6F163-636B-4A2C-9C3A-6D994816D22D}.Debug|x64.Build.0 = Debug|Any CPU
		{81A6F163-636B-4A2C-9C3A-6D994816D22D}.Debug|x86.ActiveCfg = Debug|Any CPU
		{81A6F163-636B-4A2C-9C3A-6D994816D22D}.Debug|x86.Build.0 = Debug|Any CPU
		{81A6F163-636B-4A2C-9C3A-6D994816D22D}.Release|Any CPU.ActiveCfg = Release|Any CPU
		{81A6F163-636B-4A2C-9C3A-6D994816D22D}.Release|Any CPU.Build.0 = Release|Any CPU
		{81A6F163-636B-4A2C-9C3A-6D994816D22D}.Release|x64.ActiveCfg = Release|Any CPU
		{81A6F163-636B-4A2C-9C3A-6D994816D22D}.Release|x64.Build.0 = Release|Any CPU
		{81A6F163-636B-4A2C-9C3A-6D994816D22D}.Release|x86.ActiveCfg = Release|Any CPU
		{81A6F163-636B-4A2C-9C3A-6D994816D22D}.Release|x86.Build.0 = Release|Any CPU
		{69403576-D57D-4A9F-BCF5-9C68B40FDC8C}.Debug|Any CPU.ActiveCfg = Debug|Any CPU
		{69403576-D57D-4A9F-BCF5-9C68B40FDC8C}.Debug|Any CPU.Build.0 = Debug|Any CPU
		{69403576-D57D-4A9F-BCF5-9C68B40FDC8C}.Debug|x64.ActiveCfg = Debug|Any CPU
		{69403576-D57D-4A9F-BCF5-9C68B40FDC8C}.Debug|x64.Build.0 = Debug|Any CPU
		{69403576-D57D-4A9F-BCF5-9C68B40FDC8C}.Debug|x86.ActiveCfg = Debug|Any CPU
		{69403576-D57D-4A9F-BCF5-9C68B40FDC8C}.Debug|x86.Build.0 = Debug|Any CPU
		{69403576-D57D-4A9F-BCF5-9C68B40FDC8C}.Release|Any CPU.ActiveCfg = Release|Any CPU
		{69403576-D57D-4A9F-BCF5-9C68B40FDC8C}.Release|Any CPU.Build.0 = Release|Any CPU
		{69403576-D57D-4A9F-BCF5-9C68B40FDC8C}.Release|x64.ActiveCfg = Release|Any CPU
		{69403576-D57D-4A9F-BCF5-9C68B40FDC8C}.Release|x64.Build.0 = Release|Any CPU
		{69403576-D57D-4A9F-BCF5-9C68B40FDC8C}.Release|x86.ActiveCfg = Release|Any CPU
		{69403576-D57D-4A9F-BCF5-9C68B40FDC8C}.Release|x86.Build.0 = Release|Any CPU
		{B7750B9C-C5FF-41F8-828B-155B6237F13A}.Debug|Any CPU.ActiveCfg = Debug|Any CPU
		{B7750B9C-C5FF-41F8-828B-155B6237F13A}.Debug|Any CPU.Build.0 = Debug|Any CPU
		{B7750B9C-C5FF-41F8-828B-155B6237F13A}.Debug|x64.ActiveCfg = Debug|Any CPU
		{B7750B9C-C5FF-41F8-828B-155B6237F13A}.Debug|x64.Build.0 = Debug|Any CPU
		{B7750B9C-C5FF-41F8-828B-155B6237F13A}.Debug|x86.ActiveCfg = Debug|Any CPU
		{B7750B9C-C5FF-41F8-828B-155B6237F13A}.Debug|x86.Build.0 = Debug|Any CPU
		{B7750B9C-C5FF-41F8-828B-155B6237F13A}.Release|Any CPU.ActiveCfg = Release|Any CPU
		{B7750B9C-C5FF-41F8-828B-155B6237F13A}.Release|Any CPU.Build.0 = Release|Any CPU
		{B7750B9C-C5FF-41F8-828B-155B6237F13A}.Release|x64.ActiveCfg = Release|Any CPU
		{B7750B9C-C5FF-41F8-828B-155B6237F13A}.Release|x64.Build.0 = Release|Any CPU
		{B7750B9C-C5FF-41F8-828B-155B6237F13A}.Release|x86.ActiveCfg = Release|Any CPU
		{B7750B9C-C5FF-41F8-828B-155B6237F13A}.Release|x86.Build.0 = Release|Any CPU
		{BC63F56D-7D06-4B4A-B399-4A9F0D083EFB}.Debug|Any CPU.ActiveCfg = Debug|Any CPU
		{BC63F56D-7D06-4B4A-B399-4A9F0D083EFB}.Debug|Any CPU.Build.0 = Debug|Any CPU
		{BC63F56D-7D06-4B4A-B399-4A9F0D083EFB}.Debug|x64.ActiveCfg = Debug|Any CPU
		{BC63F56D-7D06-4B4A-B399-4A9F0D083EFB}.Debug|x64.Build.0 = Debug|Any CPU
		{BC63F56D-7D06-4B4A-B399-4A9F0D083EFB}.Debug|x86.ActiveCfg = Debug|Any CPU
		{BC63F56D-7D06-4B4A-B399-4A9F0D083EFB}.Debug|x86.Build.0 = Debug|Any CPU
		{BC63F56D-7D06-4B4A-B399-4A9F0D083EFB}.Release|Any CPU.ActiveCfg = Release|Any CPU
		{BC63F56D-7D06-4B4A-B399-4A9F0D083EFB}.Release|Any CPU.Build.0 = Release|Any CPU
		{BC63F56D-7D06-4B4A-B399-4A9F0D083EFB}.Release|x64.ActiveCfg = Release|Any CPU
		{BC63F56D-7D06-4B4A-B399-4A9F0D083EFB}.Release|x64.Build.0 = Release|Any CPU
		{BC63F56D-7D06-4B4A-B399-4A9F0D083EFB}.Release|x86.ActiveCfg = Release|Any CPU
		{BC63F56D-7D06-4B4A-B399-4A9F0D083EFB}.Release|x86.Build.0 = Release|Any CPU
		{391D4442-642D-4276-9AC0-88FFBBCAB07A}.Debug|Any CPU.ActiveCfg = Debug|Any CPU
		{391D4442-642D-4276-9AC0-88FFBBCAB07A}.Debug|Any CPU.Build.0 = Debug|Any CPU
		{391D4442-642D-4276-9AC0-88FFBBCAB07A}.Debug|x64.ActiveCfg = Debug|Any CPU
		{391D4442-642D-4276-9AC0-88FFBBCAB07A}.Debug|x64.Build.0 = Debug|Any CPU
		{391D4442-642D-4276-9AC0-88FFBBCAB07A}.Debug|x86.ActiveCfg = Debug|Any CPU
		{391D4442-642D-4276-9AC0-88FFBBCAB07A}.Debug|x86.Build.0 = Debug|Any CPU
		{391D4442-642D-4276-9AC0-88FFBBCAB07A}.Release|Any CPU.ActiveCfg = Release|Any CPU
		{391D4442-642D-4276-9AC0-88FFBBCAB07A}.Release|Any CPU.Build.0 = Release|Any CPU
		{391D4442-642D-4276-9AC0-88FFBBCAB07A}.Release|x64.ActiveCfg = Release|Any CPU
		{391D4442-642D-4276-9AC0-88FFBBCAB07A}.Release|x64.Build.0 = Release|Any CPU
		{391D4442-642D-4276-9AC0-88FFBBCAB07A}.Release|x86.ActiveCfg = Release|Any CPU
		{391D4442-642D-4276-9AC0-88FFBBCAB07A}.Release|x86.Build.0 = Release|Any CPU
		{0EE22093-76DD-4457-8EB9-131D8A7F42AB}.Debug|Any CPU.ActiveCfg = Debug|Any CPU
		{0EE22093-76DD-4457-8EB9-131D8A7F42AB}.Debug|Any CPU.Build.0 = Debug|Any CPU
		{0EE22093-76DD-4457-8EB9-131D8A7F42AB}.Debug|x64.ActiveCfg = Debug|Any CPU
		{0EE22093-76DD-4457-8EB9-131D8A7F42AB}.Debug|x64.Build.0 = Debug|Any CPU
		{0EE22093-76DD-4457-8EB9-131D8A7F42AB}.Debug|x86.ActiveCfg = Debug|Any CPU
		{0EE22093-76DD-4457-8EB9-131D8A7F42AB}.Debug|x86.Build.0 = Debug|Any CPU
		{0EE22093-76DD-4457-8EB9-131D8A7F42AB}.Release|Any CPU.ActiveCfg = Release|Any CPU
		{0EE22093-76DD-4457-8EB9-131D8A7F42AB}.Release|Any CPU.Build.0 = Release|Any CPU
		{0EE22093-76DD-4457-8EB9-131D8A7F42AB}.Release|x64.ActiveCfg = Release|Any CPU
		{0EE22093-76DD-4457-8EB9-131D8A7F42AB}.Release|x64.Build.0 = Release|Any CPU
		{0EE22093-76DD-4457-8EB9-131D8A7F42AB}.Release|x86.ActiveCfg = Release|Any CPU
		{0EE22093-76DD-4457-8EB9-131D8A7F42AB}.Release|x86.Build.0 = Release|Any CPU
		{BC0DB15B-804A-46D5-94B2-04D33F37FE33}.Debug|Any CPU.ActiveCfg = Debug|Any CPU
		{BC0DB15B-804A-46D5-94B2-04D33F37FE33}.Debug|Any CPU.Build.0 = Debug|Any CPU
		{BC0DB15B-804A-46D5-94B2-04D33F37FE33}.Debug|x64.ActiveCfg = Debug|Any CPU
		{BC0DB15B-804A-46D5-94B2-04D33F37FE33}.Debug|x64.Build.0 = Debug|Any CPU
		{BC0DB15B-804A-46D5-94B2-04D33F37FE33}.Debug|x86.ActiveCfg = Debug|Any CPU
		{BC0DB15B-804A-46D5-94B2-04D33F37FE33}.Debug|x86.Build.0 = Debug|Any CPU
		{BC0DB15B-804A-46D5-94B2-04D33F37FE33}.Release|Any CPU.ActiveCfg = Release|Any CPU
		{BC0DB15B-804A-46D5-94B2-04D33F37FE33}.Release|Any CPU.Build.0 = Release|Any CPU
		{BC0DB15B-804A-46D5-94B2-04D33F37FE33}.Release|x64.ActiveCfg = Release|Any CPU
		{BC0DB15B-804A-46D5-94B2-04D33F37FE33}.Release|x64.Build.0 = Release|Any CPU
		{BC0DB15B-804A-46D5-94B2-04D33F37FE33}.Release|x86.ActiveCfg = Release|Any CPU
		{BC0DB15B-804A-46D5-94B2-04D33F37FE33}.Release|x86.Build.0 = Release|Any CPU
		{BB467178-EA75-4A54-AB09-605ED4D025A1}.Debug|Any CPU.ActiveCfg = Debug|Any CPU
		{BB467178-EA75-4A54-AB09-605ED4D025A1}.Debug|Any CPU.Build.0 = Debug|Any CPU
		{BB467178-EA75-4A54-AB09-605ED4D025A1}.Debug|x64.ActiveCfg = Debug|Any CPU
		{BB467178-EA75-4A54-AB09-605ED4D025A1}.Debug|x64.Build.0 = Debug|Any CPU
		{BB467178-EA75-4A54-AB09-605ED4D025A1}.Debug|x86.ActiveCfg = Debug|Any CPU
		{BB467178-EA75-4A54-AB09-605ED4D025A1}.Debug|x86.Build.0 = Debug|Any CPU
		{BB467178-EA75-4A54-AB09-605ED4D025A1}.Release|Any CPU.ActiveCfg = Release|Any CPU
		{BB467178-EA75-4A54-AB09-605ED4D025A1}.Release|Any CPU.Build.0 = Release|Any CPU
		{BB467178-EA75-4A54-AB09-605ED4D025A1}.Release|x64.ActiveCfg = Release|Any CPU
		{BB467178-EA75-4A54-AB09-605ED4D025A1}.Release|x64.Build.0 = Release|Any CPU
		{BB467178-EA75-4A54-AB09-605ED4D025A1}.Release|x86.ActiveCfg = Release|Any CPU
		{BB467178-EA75-4A54-AB09-605ED4D025A1}.Release|x86.Build.0 = Release|Any CPU
		{D044B642-4D5A-4AEA-AA8D-576D35226AF6}.Debug|Any CPU.ActiveCfg = Debug|Any CPU
		{D044B642-4D5A-4AEA-AA8D-576D35226AF6}.Debug|Any CPU.Build.0 = Debug|Any CPU
		{D044B642-4D5A-4AEA-AA8D-576D35226AF6}.Debug|x64.ActiveCfg = Debug|Any CPU
		{D044B642-4D5A-4AEA-AA8D-576D35226AF6}.Debug|x86.ActiveCfg = Debug|Any CPU
		{D044B642-4D5A-4AEA-AA8D-576D35226AF6}.Release|Any CPU.ActiveCfg = Release|Any CPU
		{D044B642-4D5A-4AEA-AA8D-576D35226AF6}.Release|Any CPU.Build.0 = Release|Any CPU
		{D044B642-4D5A-4AEA-AA8D-576D35226AF6}.Release|x64.ActiveCfg = Release|Any CPU
		{D044B642-4D5A-4AEA-AA8D-576D35226AF6}.Release|x86.ActiveCfg = Release|Any CPU
		{30DB9C6E-A9AD-4650-904D-FBDD1A52FBC8}.Debug|Any CPU.ActiveCfg = Debug|Any CPU
		{30DB9C6E-A9AD-4650-904D-FBDD1A52FBC8}.Debug|Any CPU.Build.0 = Debug|Any CPU
		{30DB9C6E-A9AD-4650-904D-FBDD1A52FBC8}.Debug|x64.ActiveCfg = Debug|Any CPU
		{30DB9C6E-A9AD-4650-904D-FBDD1A52FBC8}.Debug|x64.Build.0 = Debug|Any CPU
		{30DB9C6E-A9AD-4650-904D-FBDD1A52FBC8}.Debug|x86.ActiveCfg = Debug|Any CPU
		{30DB9C6E-A9AD-4650-904D-FBDD1A52FBC8}.Debug|x86.Build.0 = Debug|Any CPU
		{30DB9C6E-A9AD-4650-904D-FBDD1A52FBC8}.Release|Any CPU.ActiveCfg = Release|Any CPU
		{30DB9C6E-A9AD-4650-904D-FBDD1A52FBC8}.Release|Any CPU.Build.0 = Release|Any CPU
		{30DB9C6E-A9AD-4650-904D-FBDD1A52FBC8}.Release|x64.ActiveCfg = Release|Any CPU
		{30DB9C6E-A9AD-4650-904D-FBDD1A52FBC8}.Release|x64.Build.0 = Release|Any CPU
		{30DB9C6E-A9AD-4650-904D-FBDD1A52FBC8}.Release|x86.ActiveCfg = Release|Any CPU
		{30DB9C6E-A9AD-4650-904D-FBDD1A52FBC8}.Release|x86.Build.0 = Release|Any CPU
		{1C477AEB-C77E-48B1-9AF3-D8C0037E4F4F}.Debug|Any CPU.ActiveCfg = Debug|Any CPU
		{1C477AEB-C77E-48B1-9AF3-D8C0037E4F4F}.Debug|Any CPU.Build.0 = Debug|Any CPU
		{1C477AEB-C77E-48B1-9AF3-D8C0037E4F4F}.Debug|x64.ActiveCfg = Debug|Any CPU
		{1C477AEB-C77E-48B1-9AF3-D8C0037E4F4F}.Debug|x64.Build.0 = Debug|Any CPU
		{1C477AEB-C77E-48B1-9AF3-D8C0037E4F4F}.Debug|x86.ActiveCfg = Debug|Any CPU
		{1C477AEB-C77E-48B1-9AF3-D8C0037E4F4F}.Debug|x86.Build.0 = Debug|Any CPU
		{1C477AEB-C77E-48B1-9AF3-D8C0037E4F4F}.Release|Any CPU.ActiveCfg = Release|Any CPU
		{1C477AEB-C77E-48B1-9AF3-D8C0037E4F4F}.Release|Any CPU.Build.0 = Release|Any CPU
		{1C477AEB-C77E-48B1-9AF3-D8C0037E4F4F}.Release|x64.ActiveCfg = Release|Any CPU
		{1C477AEB-C77E-48B1-9AF3-D8C0037E4F4F}.Release|x64.Build.0 = Release|Any CPU
		{1C477AEB-C77E-48B1-9AF3-D8C0037E4F4F}.Release|x86.ActiveCfg = Release|Any CPU
		{1C477AEB-C77E-48B1-9AF3-D8C0037E4F4F}.Release|x86.Build.0 = Release|Any CPU
		{B7E93875-0B8C-43C6-AE0F-9291365FABC2}.Debug|Any CPU.ActiveCfg = Debug|Any CPU
		{B7E93875-0B8C-43C6-AE0F-9291365FABC2}.Debug|Any CPU.Build.0 = Debug|Any CPU
		{B7E93875-0B8C-43C6-AE0F-9291365FABC2}.Debug|x64.ActiveCfg = Debug|Any CPU
		{B7E93875-0B8C-43C6-AE0F-9291365FABC2}.Debug|x64.Build.0 = Debug|Any CPU
		{B7E93875-0B8C-43C6-AE0F-9291365FABC2}.Debug|x86.ActiveCfg = Debug|Any CPU
		{B7E93875-0B8C-43C6-AE0F-9291365FABC2}.Debug|x86.Build.0 = Debug|Any CPU
		{B7E93875-0B8C-43C6-AE0F-9291365FABC2}.Release|Any CPU.ActiveCfg = Release|Any CPU
		{B7E93875-0B8C-43C6-AE0F-9291365FABC2}.Release|Any CPU.Build.0 = Release|Any CPU
		{B7E93875-0B8C-43C6-AE0F-9291365FABC2}.Release|x64.ActiveCfg = Release|Any CPU
		{B7E93875-0B8C-43C6-AE0F-9291365FABC2}.Release|x64.Build.0 = Release|Any CPU
		{B7E93875-0B8C-43C6-AE0F-9291365FABC2}.Release|x86.ActiveCfg = Release|Any CPU
		{B7E93875-0B8C-43C6-AE0F-9291365FABC2}.Release|x86.Build.0 = Release|Any CPU
		{CC186543-E03F-4A92-9315-84A68E8A3073}.Debug|Any CPU.ActiveCfg = Debug|Any CPU
		{CC186543-E03F-4A92-9315-84A68E8A3073}.Debug|Any CPU.Build.0 = Debug|Any CPU
		{CC186543-E03F-4A92-9315-84A68E8A3073}.Debug|x64.ActiveCfg = Debug|Any CPU
		{CC186543-E03F-4A92-9315-84A68E8A3073}.Debug|x64.Build.0 = Debug|Any CPU
		{CC186543-E03F-4A92-9315-84A68E8A3073}.Debug|x86.ActiveCfg = Debug|Any CPU
		{CC186543-E03F-4A92-9315-84A68E8A3073}.Debug|x86.Build.0 = Debug|Any CPU
		{CC186543-E03F-4A92-9315-84A68E8A3073}.Release|Any CPU.ActiveCfg = Release|Any CPU
		{CC186543-E03F-4A92-9315-84A68E8A3073}.Release|Any CPU.Build.0 = Release|Any CPU
		{CC186543-E03F-4A92-9315-84A68E8A3073}.Release|x64.ActiveCfg = Release|Any CPU
		{CC186543-E03F-4A92-9315-84A68E8A3073}.Release|x64.Build.0 = Release|Any CPU
		{CC186543-E03F-4A92-9315-84A68E8A3073}.Release|x86.ActiveCfg = Release|Any CPU
		{CC186543-E03F-4A92-9315-84A68E8A3073}.Release|x86.Build.0 = Release|Any CPU
		{EB4380C2-B584-417F-85A4-11FFE8E5FADF}.Debug|Any CPU.ActiveCfg = Debug|Any CPU
		{EB4380C2-B584-417F-85A4-11FFE8E5FADF}.Debug|Any CPU.Build.0 = Debug|Any CPU
		{EB4380C2-B584-417F-85A4-11FFE8E5FADF}.Debug|x64.ActiveCfg = Debug|Any CPU
		{EB4380C2-B584-417F-85A4-11FFE8E5FADF}.Debug|x64.Build.0 = Debug|Any CPU
		{EB4380C2-B584-417F-85A4-11FFE8E5FADF}.Debug|x86.ActiveCfg = Debug|Any CPU
		{EB4380C2-B584-417F-85A4-11FFE8E5FADF}.Debug|x86.Build.0 = Debug|Any CPU
		{EB4380C2-B584-417F-85A4-11FFE8E5FADF}.Release|Any CPU.ActiveCfg = Release|Any CPU
		{EB4380C2-B584-417F-85A4-11FFE8E5FADF}.Release|Any CPU.Build.0 = Release|Any CPU
		{EB4380C2-B584-417F-85A4-11FFE8E5FADF}.Release|x64.ActiveCfg = Release|Any CPU
		{EB4380C2-B584-417F-85A4-11FFE8E5FADF}.Release|x64.Build.0 = Release|Any CPU
		{EB4380C2-B584-417F-85A4-11FFE8E5FADF}.Release|x86.ActiveCfg = Release|Any CPU
		{EB4380C2-B584-417F-85A4-11FFE8E5FADF}.Release|x86.Build.0 = Release|Any CPU
		{B56488B6-8030-44E5-B0A1-197B34BA432D}.Debug|Any CPU.ActiveCfg = Debug|Any CPU
		{B56488B6-8030-44E5-B0A1-197B34BA432D}.Debug|Any CPU.Build.0 = Debug|Any CPU
		{B56488B6-8030-44E5-B0A1-197B34BA432D}.Debug|x64.ActiveCfg = Debug|Any CPU
		{B56488B6-8030-44E5-B0A1-197B34BA432D}.Debug|x64.Build.0 = Debug|Any CPU
		{B56488B6-8030-44E5-B0A1-197B34BA432D}.Debug|x86.ActiveCfg = Debug|Any CPU
		{B56488B6-8030-44E5-B0A1-197B34BA432D}.Debug|x86.Build.0 = Debug|Any CPU
		{B56488B6-8030-44E5-B0A1-197B34BA432D}.Release|Any CPU.ActiveCfg = Release|Any CPU
		{B56488B6-8030-44E5-B0A1-197B34BA432D}.Release|Any CPU.Build.0 = Release|Any CPU
		{B56488B6-8030-44E5-B0A1-197B34BA432D}.Release|x64.ActiveCfg = Release|Any CPU
		{B56488B6-8030-44E5-B0A1-197B34BA432D}.Release|x64.Build.0 = Release|Any CPU
		{B56488B6-8030-44E5-B0A1-197B34BA432D}.Release|x86.ActiveCfg = Release|Any CPU
		{B56488B6-8030-44E5-B0A1-197B34BA432D}.Release|x86.Build.0 = Release|Any CPU
		{50F19AD5-C41B-41DB-A3A3-113BCE730383}.Debug|Any CPU.ActiveCfg = Debug|Any CPU
		{50F19AD5-C41B-41DB-A3A3-113BCE730383}.Debug|Any CPU.Build.0 = Debug|Any CPU
		{50F19AD5-C41B-41DB-A3A3-113BCE730383}.Debug|x64.ActiveCfg = Debug|Any CPU
		{50F19AD5-C41B-41DB-A3A3-113BCE730383}.Debug|x64.Build.0 = Debug|Any CPU
		{50F19AD5-C41B-41DB-A3A3-113BCE730383}.Debug|x86.ActiveCfg = Debug|Any CPU
		{50F19AD5-C41B-41DB-A3A3-113BCE730383}.Debug|x86.Build.0 = Debug|Any CPU
		{50F19AD5-C41B-41DB-A3A3-113BCE730383}.Release|Any CPU.ActiveCfg = Release|Any CPU
		{50F19AD5-C41B-41DB-A3A3-113BCE730383}.Release|Any CPU.Build.0 = Release|Any CPU
		{50F19AD5-C41B-41DB-A3A3-113BCE730383}.Release|x64.ActiveCfg = Release|Any CPU
		{50F19AD5-C41B-41DB-A3A3-113BCE730383}.Release|x64.Build.0 = Release|Any CPU
		{50F19AD5-C41B-41DB-A3A3-113BCE730383}.Release|x86.ActiveCfg = Release|Any CPU
		{50F19AD5-C41B-41DB-A3A3-113BCE730383}.Release|x86.Build.0 = Release|Any CPU
		{DC022A91-783A-48D0-8E4F-9EBEBE6EA573}.Debug|Any CPU.ActiveCfg = Debug|Any CPU
		{DC022A91-783A-48D0-8E4F-9EBEBE6EA573}.Debug|Any CPU.Build.0 = Debug|Any CPU
		{DC022A91-783A-48D0-8E4F-9EBEBE6EA573}.Debug|x64.ActiveCfg = Debug|Any CPU
		{DC022A91-783A-48D0-8E4F-9EBEBE6EA573}.Debug|x64.Build.0 = Debug|Any CPU
		{DC022A91-783A-48D0-8E4F-9EBEBE6EA573}.Debug|x86.ActiveCfg = Debug|Any CPU
		{DC022A91-783A-48D0-8E4F-9EBEBE6EA573}.Debug|x86.Build.0 = Debug|Any CPU
		{DC022A91-783A-48D0-8E4F-9EBEBE6EA573}.Release|Any CPU.ActiveCfg = Release|Any CPU
		{DC022A91-783A-48D0-8E4F-9EBEBE6EA573}.Release|Any CPU.Build.0 = Release|Any CPU
		{DC022A91-783A-48D0-8E4F-9EBEBE6EA573}.Release|x64.ActiveCfg = Release|Any CPU
		{DC022A91-783A-48D0-8E4F-9EBEBE6EA573}.Release|x64.Build.0 = Release|Any CPU
		{DC022A91-783A-48D0-8E4F-9EBEBE6EA573}.Release|x86.ActiveCfg = Release|Any CPU
		{DC022A91-783A-48D0-8E4F-9EBEBE6EA573}.Release|x86.Build.0 = Release|Any CPU
		{14C33421-02E3-482D-8170-9F67D2A9A820}.Debug|Any CPU.ActiveCfg = Debug|Any CPU
		{14C33421-02E3-482D-8170-9F67D2A9A820}.Debug|Any CPU.Build.0 = Debug|Any CPU
		{14C33421-02E3-482D-8170-9F67D2A9A820}.Debug|x64.ActiveCfg = Debug|Any CPU
		{14C33421-02E3-482D-8170-9F67D2A9A820}.Debug|x64.Build.0 = Debug|Any CPU
		{14C33421-02E3-482D-8170-9F67D2A9A820}.Debug|x86.ActiveCfg = Debug|Any CPU
		{14C33421-02E3-482D-8170-9F67D2A9A820}.Debug|x86.Build.0 = Debug|Any CPU
		{14C33421-02E3-482D-8170-9F67D2A9A820}.Release|Any CPU.ActiveCfg = Release|Any CPU
		{14C33421-02E3-482D-8170-9F67D2A9A820}.Release|Any CPU.Build.0 = Release|Any CPU
		{14C33421-02E3-482D-8170-9F67D2A9A820}.Release|x64.ActiveCfg = Release|Any CPU
		{14C33421-02E3-482D-8170-9F67D2A9A820}.Release|x64.Build.0 = Release|Any CPU
		{14C33421-02E3-482D-8170-9F67D2A9A820}.Release|x86.ActiveCfg = Release|Any CPU
		{14C33421-02E3-482D-8170-9F67D2A9A820}.Release|x86.Build.0 = Release|Any CPU
		{46D2A11A-45F2-427C-A9EB-0B7AB6BE3FC3}.Debug|Any CPU.ActiveCfg = Debug|Any CPU
		{46D2A11A-45F2-427C-A9EB-0B7AB6BE3FC3}.Debug|Any CPU.Build.0 = Debug|Any CPU
		{46D2A11A-45F2-427C-A9EB-0B7AB6BE3FC3}.Debug|x64.ActiveCfg = Debug|Any CPU
		{46D2A11A-45F2-427C-A9EB-0B7AB6BE3FC3}.Debug|x64.Build.0 = Debug|Any CPU
		{46D2A11A-45F2-427C-A9EB-0B7AB6BE3FC3}.Debug|x86.ActiveCfg = Debug|Any CPU
		{46D2A11A-45F2-427C-A9EB-0B7AB6BE3FC3}.Debug|x86.Build.0 = Debug|Any CPU
		{46D2A11A-45F2-427C-A9EB-0B7AB6BE3FC3}.Release|Any CPU.ActiveCfg = Release|Any CPU
		{46D2A11A-45F2-427C-A9EB-0B7AB6BE3FC3}.Release|Any CPU.Build.0 = Release|Any CPU
		{46D2A11A-45F2-427C-A9EB-0B7AB6BE3FC3}.Release|x64.ActiveCfg = Release|Any CPU
		{46D2A11A-45F2-427C-A9EB-0B7AB6BE3FC3}.Release|x64.Build.0 = Release|Any CPU
		{46D2A11A-45F2-427C-A9EB-0B7AB6BE3FC3}.Release|x86.ActiveCfg = Release|Any CPU
		{46D2A11A-45F2-427C-A9EB-0B7AB6BE3FC3}.Release|x86.Build.0 = Release|Any CPU
		{E7620DC4-7A18-4B9C-A66D-A3DD822E8D07}.Debug|Any CPU.ActiveCfg = Debug|Any CPU
		{E7620DC4-7A18-4B9C-A66D-A3DD822E8D07}.Debug|Any CPU.Build.0 = Debug|Any CPU
		{E7620DC4-7A18-4B9C-A66D-A3DD822E8D07}.Debug|x64.ActiveCfg = Debug|Any CPU
		{E7620DC4-7A18-4B9C-A66D-A3DD822E8D07}.Debug|x64.Build.0 = Debug|Any CPU
		{E7620DC4-7A18-4B9C-A66D-A3DD822E8D07}.Debug|x86.ActiveCfg = Debug|Any CPU
		{E7620DC4-7A18-4B9C-A66D-A3DD822E8D07}.Debug|x86.Build.0 = Debug|Any CPU
		{E7620DC4-7A18-4B9C-A66D-A3DD822E8D07}.Release|Any CPU.ActiveCfg = Release|Any CPU
		{E7620DC4-7A18-4B9C-A66D-A3DD822E8D07}.Release|Any CPU.Build.0 = Release|Any CPU
		{E7620DC4-7A18-4B9C-A66D-A3DD822E8D07}.Release|x64.ActiveCfg = Release|Any CPU
		{E7620DC4-7A18-4B9C-A66D-A3DD822E8D07}.Release|x64.Build.0 = Release|Any CPU
		{E7620DC4-7A18-4B9C-A66D-A3DD822E8D07}.Release|x86.ActiveCfg = Release|Any CPU
		{E7620DC4-7A18-4B9C-A66D-A3DD822E8D07}.Release|x86.Build.0 = Release|Any CPU
	EndGlobalSection
	GlobalSection(SolutionProperties) = preSolution
		HideSolutionNode = FALSE
	EndGlobalSection
	GlobalSection(NestedProjects) = preSolution
		{17B2930D-4E85-4EBE-86A8-EC1181E3D04E} = {24B1080E-D8C4-4F4E-8D34-101FEE701A1F}
		{AD970428-733B-48A9-A8E3-BDA0068DC872} = {51E270E0-FDFC-4B44-9DA1-FA3BACC504D6}
		{2C86AD80-779B-4537-BD2F-DA39EF439541} = {C14FCAD9-80C9-4308-AE71-9BA8E1F63A47}
		{24B1080E-D8C4-4F4E-8D34-101FEE701A1F} = {6D4D16BB-A63C-4600-B430-BF5138F8247A}
		{690A024F-FC28-4929-B1BE-0C686B50C1D6} = {2B4A1FE6-8AEC-4090-BC48-F15A4C7487DF}
		{BC4A659C-B23A-4CAD-A68B-DC767EE2A030} = {722C7429-6AFC-4875-8EE1-A7121980BB7F}
		{585CAA45-7D7F-4CA8-8562-55BA03B3CA49} = {51E270E0-FDFC-4B44-9DA1-FA3BACC504D6}
		{2B4A1FE6-8AEC-4090-BC48-F15A4C7487DF} = {6D4D16BB-A63C-4600-B430-BF5138F8247A}
		{A81F9B88-468C-4357-83EF-D98D2E143AE4} = {2B4A1FE6-8AEC-4090-BC48-F15A4C7487DF}
		{62A38E03-D830-4A44-ADD2-2913151D0C3D} = {A81F9B88-468C-4357-83EF-D98D2E143AE4}
		{B4B73210-C794-46B0-996E-FBC9C63FF536} = {2B4A1FE6-8AEC-4090-BC48-F15A4C7487DF}
		{209A2A55-109D-4C17-B6C9-C36241FDF200} = {B4B73210-C794-46B0-996E-FBC9C63FF536}
		{51E270E0-FDFC-4B44-9DA1-FA3BACC504D6} = {722C7429-6AFC-4875-8EE1-A7121980BB7F}
		{C14FCAD9-80C9-4308-AE71-9BA8E1F63A47} = {722C7429-6AFC-4875-8EE1-A7121980BB7F}
		{81A6F163-636B-4A2C-9C3A-6D994816D22D} = {AD970428-733B-48A9-A8E3-BDA0068DC872}
		{69403576-D57D-4A9F-BCF5-9C68B40FDC8C} = {BC4A659C-B23A-4CAD-A68B-DC767EE2A030}
		{FA466BF5-5DB3-4768-BDED-5CB8742BCB77} = {51E270E0-FDFC-4B44-9DA1-FA3BACC504D6}
		{B7750B9C-C5FF-41F8-828B-155B6237F13A} = {585CAA45-7D7F-4CA8-8562-55BA03B3CA49}
		{BC63F56D-7D06-4B4A-B399-4A9F0D083EFB} = {FA466BF5-5DB3-4768-BDED-5CB8742BCB77}
		{10FB2985-7264-40CD-B198-8ACAB7B56C38} = {6D4D16BB-A63C-4600-B430-BF5138F8247A}
		{5986E28C-1FA0-4EA6-88B8-09BCB94AE168} = {10FB2985-7264-40CD-B198-8ACAB7B56C38}
		{A0C6DF8C-288C-4425-944E-4BAC38A1C4E8} = {10FB2985-7264-40CD-B198-8ACAB7B56C38}
		{391D4442-642D-4276-9AC0-88FFBBCAB07A} = {A0C6DF8C-288C-4425-944E-4BAC38A1C4E8}
		{4FD51F31-2210-4461-A1F9-7050178C8AB5} = {722C7429-6AFC-4875-8EE1-A7121980BB7F}
		{2CDFCB5E-0344-439A-B4F8-5FB80C97737B} = {4FD51F31-2210-4461-A1F9-7050178C8AB5}
		{0EE22093-76DD-4457-8EB9-131D8A7F42AB} = {2CDFCB5E-0344-439A-B4F8-5FB80C97737B}
		{BC0DB15B-804A-46D5-94B2-04D33F37FE33} = {5986E28C-1FA0-4EA6-88B8-09BCB94AE168}
		{43718F14-FE63-439A-B349-38FBEC5858DC} = {10FB2985-7264-40CD-B198-8ACAB7B56C38}
		{BB467178-EA75-4A54-AB09-605ED4D025A1} = {43718F14-FE63-439A-B349-38FBEC5858DC}
		{CA4211E0-6CC5-440E-A7E4-AB6B10A6883F} = {51E270E0-FDFC-4B44-9DA1-FA3BACC504D6}
		{D044B642-4D5A-4AEA-AA8D-576D35226AF6} = {CA4211E0-6CC5-440E-A7E4-AB6B10A6883F}
		{8A85F506-6F99-46EA-8120-50C7B250A90C} = {722C7429-6AFC-4875-8EE1-A7121980BB7F}
		{30DB9C6E-A9AD-4650-904D-FBDD1A52FBC8} = {8A85F506-6F99-46EA-8120-50C7B250A90C}
		{75A43312-038A-4DD0-B340-FC80D0143CFE} = {10FB2985-7264-40CD-B198-8ACAB7B56C38}
		{1C477AEB-C77E-48B1-9AF3-D8C0037E4F4F} = {75A43312-038A-4DD0-B340-FC80D0143CFE}
		{2248D073-7CD7-4227-A545-E3D559B172F5} = {5986E28C-1FA0-4EA6-88B8-09BCB94AE168}
		{B7E93875-0B8C-43C6-AE0F-9291365FABC2} = {2248D073-7CD7-4227-A545-E3D559B172F5}
		{98361FA2-AC7B-423E-8A11-8FD1582B3FDD} = {2B4A1FE6-8AEC-4090-BC48-F15A4C7487DF}
		{CC186543-E03F-4A92-9315-84A68E8A3073} = {98361FA2-AC7B-423E-8A11-8FD1582B3FDD}
		{350B18E6-D1FD-48A0-9CB6-2EE508D78C7D} = {10FB2985-7264-40CD-B198-8ACAB7B56C38}
		{EB4380C2-B584-417F-85A4-11FFE8E5FADF} = {350B18E6-D1FD-48A0-9CB6-2EE508D78C7D}
		{455BB396-EA2E-498F-9C75-E67A7580571B} = {10FB2985-7264-40CD-B198-8ACAB7B56C38}
		{B56488B6-8030-44E5-B0A1-197B34BA432D} = {455BB396-EA2E-498F-9C75-E67A7580571B}
		{50F19AD5-C41B-41DB-A3A3-113BCE730383} = {690A024F-FC28-4929-B1BE-0C686B50C1D6}
		{DC022A91-783A-48D0-8E4F-9EBEBE6EA573} = {A0C6DF8C-288C-4425-944E-4BAC38A1C4E8}
		{8F296496-7D94-41C9-85FC-EFF6322288ED} = {10FB2985-7264-40CD-B198-8ACAB7B56C38}
		{14C33421-02E3-482D-8170-9F67D2A9A820} = {8F296496-7D94-41C9-85FC-EFF6322288ED}
		{D2844EC5-C1EF-451A-B103-58D1C08E6A63} = {10FB2985-7264-40CD-B198-8ACAB7B56C38}
		{46D2A11A-45F2-427C-A9EB-0B7AB6BE3FC3} = {D2844EC5-C1EF-451A-B103-58D1C08E6A63}
		{5AE3B0A7-EE37-48E6-A6B0-5C3257800DB7} = {10FB2985-7264-40CD-B198-8ACAB7B56C38}
		{E7620DC4-7A18-4B9C-A66D-A3DD822E8D07} = {5AE3B0A7-EE37-48E6-A6B0-5C3257800DB7}
	EndGlobalSection
	GlobalSection(ExtensibilityGlobals) = postSolution
		SolutionGuid = {F2403143-76A4-4D56-A899-F3B2BDA5E0A7}
	EndGlobalSection
EndGlobal
